
Microsoft Visual Studio Solution File, Format Version 12.00
# Visual Studio Version 17
VisualStudioVersion = 17.13.35818.85 d17.13
MinimumVisualStudioVersion = 10.0.40219.1
Project("{FAE04EC0-301F-11D3-BF4B-00C04F79EFBC}") = "06.입력", "06.입력\06.입력.csproj", "{2E07B7B6-C631-4B0D-826D-4BA4A64A9E83}"
EndProject
Global
	GlobalSection(SolutionConfigurationPlatforms) = preSolution
		Debug|Any CPU = Debug|Any CPU
		Release|Any CPU = Release|Any CPU
	EndGlobalSection
	GlobalSection(ProjectConfigurationPlatforms) = postSolution
		{2E07B7B6-C631-4B0D-826D-4BA4A64A9E83}.Debug|Any CPU.ActiveCfg = Debug|Any CPU
		{2E07B7B6-C631-4B0D-826D-4BA4A64A9E83}.Debug|Any CPU.Build.0 = Debug|Any CPU
		{2E07B7B6-C631-4B0D-826D-4BA4A64A9E83}.Release|Any CPU.ActiveCfg = Release|Any CPU
		{2E07B7B6-C631-4B0D-826D-4BA4A64A9E83}.Release|Any CPU.Build.0 = Release|Any CPU
	EndGlobalSection
	GlobalSection(SolutionProperties) = preSolution
		HideSolutionNode = FALSE
	EndGlobalSection
	GlobalSection(ExtensibilityGlobals) = postSolution
		SolutionGuid = {EA175EEC-23E8-4068-9285-69E4ECFC8B86}
	EndGlobalSection
EndGlobal
